
Microsoft Visual Studio Solution File, Format Version 12.00
# Visual Studio Version 16
VisualStudioVersion = 16.0.31019.35
MinimumVisualStudioVersion = 10.0.40219.1
Project("{FAE04EC0-301F-11D3-BF4B-00C04F79EFBC}") = "ProjectVP", "ProjectVP\ProjectVP.csproj", "{BB659347-7263-485C-BB52-12750F3A39DC}"
EndProject
Global
	GlobalSection(SolutionConfigurationPlatforms) = preSolution
		Debug|Any CPU = Debug|Any CPU
		Release|Any CPU = Release|Any CPU
	EndGlobalSection
	GlobalSection(ProjectConfigurationPlatforms) = postSolution
		{BB659347-7263-485C-BB52-12750F3A39DC}.Debug|Any CPU.ActiveCfg = Debug|Any CPU
		{BB659347-7263-485C-BB52-12750F3A39DC}.Debug|Any CPU.Build.0 = Debug|Any CPU
		{BB659347-7263-485C-BB52-12750F3A39DC}.Release|Any CPU.ActiveCfg = Release|Any CPU
		{BB659347-7263-485C-BB52-12750F3A39DC}.Release|Any CPU.Build.0 = Release|Any CPU
	EndGlobalSection
	GlobalSection(SolutionProperties) = preSolution
		HideSolutionNode = FALSE
	EndGlobalSection
	GlobalSection(ExtensibilityGlobals) = postSolution
		SolutionGuid = {96731B04-9F4D-427C-A17E-A83F80EA4D13}
	EndGlobalSection
EndGlobal
